// !$*UTF8*$!
{
	archiveVersion = 1;
	classes = {
	};
	objectVersion = 50;
	objects = {

/* Begin PBXBuildFile section */
		0C18AED52155E2AF009C1008 /* main.m in Sources */ = {isa = PBXBuildFile; fileRef = 0C18AED42155E2AF009C1008 /* main.m */; };
		0C18AEDD2155E4D1009C1008 /* MRCFile.m in Sources */ = {isa = PBXBuildFile; fileRef = 0C18AEDC2155E4D1009C1008 /* MRCFile.m */; settings = {COMPILER_FLAGS = "-fno-objc-arc"; }; };
		0C18AEE02155E4ED009C1008 /* Person.m in Sources */ = {isa = PBXBuildFile; fileRef = 0C18AEDF2155E4ED009C1008 /* Person.m */; settings = {COMPILER_FLAGS = "-fno-objc-arc"; }; };
		0C8E58232157238800ED56A5 /* Book.m in Sources */ = {isa = PBXBuildFile; fileRef = 0C8E58222157238800ED56A5 /* Book.m */; };
		C436A0F72160B0B30036D795 /* ARCFile.m in Sources */ = {isa = PBXBuildFile; fileRef = C436A0F62160B0B30036D795 /* ARCFile.m */; };
/* End PBXBuildFile section */

/* Begin PBXCopyFilesBuildPhase section */
		0C18AECF2155E2AF009C1008 /* CopyFiles */ = {
			isa = PBXCopyFilesBuildPhase;
			buildActionMask = 2147483647;
			dstPath = /usr/share/man/man1/;
			dstSubfolderSpec = 0;
			files = (
			);
			runOnlyForDeploymentPostprocessing = 1;
		};
/* End PBXCopyFilesBuildPhase section */

/* Begin PBXFileReference section */
		0C18AED12155E2AF009C1008 /* MemoryManagerDemo */ = {isa = PBXFileReference; explicitFileType = "compiled.mach-o.executable"; includeInIndex = 0; path = MemoryManagerDemo; sourceTree = BUILT_PRODUCTS_DIR; };
		0C18AED42155E2AF009C1008 /* main.m */ = {isa = PBXFileReference; lastKnownFileType = sourcecode.c.objc; path = main.m; sourceTree = "<group>"; };
		0C18AEDB2155E4D1009C1008 /* MRCFile.h */ = {isa = PBXFileReference; lastKnownFileType = sourcecode.c.h; path = MRCFile.h; sourceTree = "<group>"; };
		0C18AEDC2155E4D1009C1008 /* MRCFile.m */ = {isa = PBXFileReference; lastKnownFileType = sourcecode.c.objc; path = MRCFile.m; sourceTree = "<group>"; };
		0C18AEDE2155E4ED009C1008 /* Person.h */ = {isa = PBXFileReference; lastKnownFileType = sourcecode.c.h; path = Person.h; sourceTree = "<group>"; };
		0C18AEDF2155E4ED009C1008 /* Person.m */ = {isa = PBXFileReference; lastKnownFileType = sourcecode.c.objc; path = Person.m; sourceTree = "<group>"; };
		0C8E58212157238800ED56A5 /* Book.h */ = {isa = PBXFileReference; lastKnownFileType = sourcecode.c.h; path = Book.h; sourceTree = "<group>"; };
		0C8E58222157238800ED56A5 /* Book.m */ = {isa = PBXFileReference; lastKnownFileType = sourcecode.c.objc; path = Book.m; sourceTree = "<group>"; };
		C436A0F52160B0B30036D795 /* ARCFile.h */ = {isa = PBXFileReference; lastKnownFileType = sourcecode.c.h; path = ARCFile.h; sourceTree = "<group>"; };
		C436A0F62160B0B30036D795 /* ARCFile.m */ = {isa = PBXFileReference; lastKnownFileType = sourcecode.c.objc; path = ARCFile.m; sourceTree = "<group>"; };
/* End PBXFileReference section */

/* Begin PBXFrameworksBuildPhase section */
		0C18AECE2155E2AF009C1008 /* Frameworks */ = {
			isa = PBXFrameworksBuildPhase;
			buildActionMask = 2147483647;
			files = (
			);
			runOnlyForDeploymentPostprocessing = 0;
		};
/* End PBXFrameworksBuildPhase section */

/* Begin PBXGroup section */
		0C18AEC82155E2AF009C1008 = {
			isa = PBXGroup;
			children = (
				0C18AED32155E2AF009C1008 /* MemoryManagerDemo */,
				0C18AED22155E2AF009C1008 /* Products */,
			);
			sourceTree = "<group>";
		};
		0C18AED22155E2AF009C1008 /* Products */ = {
			isa = PBXGroup;
			children = (
				0C18AED12155E2AF009C1008 /* MemoryManagerDemo */,
			);
			name = Products;
			sourceTree = "<group>";
		};
		0C18AED32155E2AF009C1008 /* MemoryManagerDemo */ = {
			isa = PBXGroup;
			children = (
				0C18AED42155E2AF009C1008 /* main.m */,
				0C18AEDB2155E4D1009C1008 /* MRCFile.h */,
				0C18AEDC2155E4D1009C1008 /* MRCFile.m */,
				C436A0F52160B0B30036D795 /* ARCFile.h */,
				C436A0F62160B0B30036D795 /* ARCFile.m */,
				0C18AEDE2155E4ED009C1008 /* Person.h */,
				0C18AEDF2155E4ED009C1008 /* Person.m */,
				0C8E58212157238800ED56A5 /* Book.h */,
				0C8E58222157238800ED56A5 /* Book.m */,
			);
			path = MemoryManagerDemo;
			sourceTree = "<group>";
		};
/* End PBXGroup section */

/* Begin PBXNativeTarget section */
		0C18AED02155E2AF009C1008 /* MemoryManagerDemo */ = {
			isa = PBXNativeTarget;
			buildConfigurationList = 0C18AED82155E2AF009C1008 /* Build configuration list for PBXNativeTarget "MemoryManagerDemo" */;
			buildPhases = (
				0C18AECD2155E2AF009C1008 /* Sources */,
				0C18AECE2155E2AF009C1008 /* Frameworks */,
				0C18AECF2155E2AF009C1008 /* CopyFiles */,
			);
			buildRules = (
			);
			dependencies = (
			);
			name = MemoryManagerDemo;
			productName = MemoryManagerDemo;
			productReference = 0C18AED12155E2AF009C1008 /* MemoryManagerDemo */;
			productType = "com.apple.product-type.tool";
		};
/* End PBXNativeTarget section */

/* Begin PBXProject section */
		0C18AEC92155E2AF009C1008 /* Project object */ = {
			isa = PBXProject;
			attributes = {
				LastUpgradeCheck = 0940;
				ORGANIZATIONNAME = UncleDrew;
				TargetAttributes = {
					0C18AED02155E2AF009C1008 = {
						CreatedOnToolsVersion = 9.4.1;
					};
				};
			};
			buildConfigurationList = 0C18AECC2155E2AF009C1008 /* Build configuration list for PBXProject "MemoryManagerDemo" */;
			compatibilityVersion = "Xcode 9.3";
			developmentRegion = en;
			hasScannedForEncodings = 0;
			knownRegions = (
				en,
			);
			mainGroup = 0C18AEC82155E2AF009C1008;
			productRefGroup = 0C18AED22155E2AF009C1008 /* Products */;
			projectDirPath = "";
			projectRoot = "";
			targets = (
				0C18AED02155E2AF009C1008 /* MemoryManagerDemo */,
			);
		};
/* End PBXProject section */

/* Begin PBXSourcesBuildPhase section */
		0C18AECD2155E2AF009C1008 /* Sources */ = {
			isa = PBXSourcesBuildPhase;
			buildActionMask = 2147483647;
			files = (
				0C8E58232157238800ED56A5 /* Book.m in Sources */,
				0C18AEE02155E4ED009C1008 /* Person.m in Sources */,
				0C18AEDD2155E4D1009C1008 /* MRCFile.m in Sources */,
				0C18AED52155E2AF009C1008 /* main.m in Sources */,
				C436A0F72160B0B30036D795 /* ARCFile.m in Sources */,
			);
			runOnlyForDeploymentPostprocessing = 0;
		};
/* End PBXSourcesBuildPhase section */

/* Begin XCBuildConfiguration section */
		0C18AED62155E2AF009C1008 /* Debug */ = {
			isa = XCBuildConfiguration;
			buildSettings = {
				ALWAYS_SEARCH_USER_PATHS = NO;
				CLANG_ANALYZER_NONNULL = YES;
				CLANG_ANALYZER_NUMBER_OBJECT_CONVERSION = YES_AGGRESSIVE;
				CLANG_CXX_LANGUAGE_STANDARD = "gnu++14";
				CLANG_CXX_LIBRARY = "libc++";
				CLANG_ENABLE_MODULES = YES;
				CLANG_ENABLE_OBJC_ARC = YES;
				CLANG_ENABLE_OBJC_WEAK = YES;
				CLANG_WARN_BLOCK_CAPTURE_AUTORELEASING = YES;
				CLANG_WARN_BOOL_CONVERSION = YES;
				CLANG_WARN_COMMA = YES;
				CLANG_WARN_CONSTANT_CONVERSION = YES;
				CLANG_WARN_DEPRECATED_OBJC_IMPLEMENTATIONS = YES;
				CLANG_WARN_DIRECT_OBJC_ISA_USAGE = YES_ERROR;
				CLANG_WARN_DOCUMENTATION_COMMENTS = YES;
				CLANG_WARN_EMPTY_BODY = YES;
				CLANG_WARN_ENUM_CONVERSION = YES;
				CLANG_WARN_INFINITE_RECURSION = YES;
				CLANG_WARN_INT_CONVERSION = YES;
				CLANG_WARN_NON_LITERAL_NULL_CONVERSION = YES;
				CLANG_WARN_OBJC_IMPLICIT_RETAIN_SELF = YES;
				CLANG_WARN_OBJC_LITERAL_CONVERSION = YES;
				CLANG_WARN_OBJC_ROOT_CLASS = YES_ERROR;
				CLANG_WARN_RANGE_LOOP_ANALYSIS = YES;
				CLANG_WARN_STRICT_PROTOTYPES = YES;
				CLANG_WARN_SUSPICIOUS_MOVE = YES;
				CLANG_WARN_UNGUARDED_AVAILABILITY = YES_AGGRESSIVE;
				CLANG_WARN_UNREACHABLE_CODE = YES;
				CLANG_WARN__DUPLICATE_METHOD_MATCH = YES;
				CODE_SIGN_IDENTITY = "-";
				COPY_PHASE_STRIP = NO;
				DEBUG_INFORMATION_FORMAT = dwarf;
				ENABLE_STRICT_OBJC_MSGSEND = YES;
				ENABLE_TESTABILITY = YES;
				GCC_C_LANGUAGE_STANDARD = gnu11;
				GCC_DYNAMIC_NO_PIC = NO;
				GCC_NO_COMMON_BLOCKS = YES;
				GCC_OPTIMIZATION_LEVEL = 0;
				GCC_PREPROCESSOR_DEFINITIONS = (
					"DEBUG=1",
					"$(inherited)",
				);
				GCC_WARN_64_TO_32_BIT_CONVERSION = YES;
				GCC_WARN_ABOUT_RETURN_TYPE = YES_ERROR;
				GCC_WARN_UNDECLARED_SELECTOR = YES;
				GCC_WARN_UNINITIALIZED_AUTOS = YES_AGGRESSIVE;
				GCC_WARN_UNUSED_FUNCTION = YES;
				GCC_WARN_UNUSED_VARIABLE = YES;
				MACOSX_DEPLOYMENT_TARGET = 10.13;
				MTL_ENABLE_DEBUG_INFO = YES;
				ONLY_ACTIVE_ARCH = YES;
				SDKROOT = macosx;
			};
			name = Debug;
		};
		0C18AED72155E2AF009C1008 /* Release */ = {
			isa = XCBuildConfiguration;
			buildSettings = {
				ALWAYS_SEARCH_USER_PATHS = NO;
				CLANG_ANALYZER_NONNULL = YES;
				CLANG_ANALYZER_NUMBER_OBJECT_CONVERSION = YES_AGGRESSIVE;
				CLANG_CXX_LANGUAGE_STANDARD = "gnu++14";
				CLANG_CXX_LIBRARY = "libc++";
				CLANG_ENABLE_MODULES = YES;
				CLANG_ENABLE_OBJC_ARC = YES;
				CLANG_ENABLE_OBJC_WEAK = YES;
				CLANG_WARN_BLOCK_CAPTURE_AUTORELEASING = YES;
				CLANG_WARN_BOOL_CONVERSION = YES;
				CLANG_WARN_COMMA = YES;
				CLANG_WARN_CONSTANT_CONVERSION = YES;
				CLANG_WARN_DEPRECATED_OBJC_IMPLEMENTATIONS = YES;
				CLANG_WARN_DIRECT_OBJC_ISA_USAGE = YES_ERROR;
				CLANG_WARN_DOCUMENTATION_COMMENTS = YES;
				CLANG_WARN_EMPTY_BODY = YES;
				CLANG_WARN_ENUM_CONVERSION = YES;
				CLANG_WARN_INFINITE_RECURSION = YES;
				CLANG_WARN_INT_CONVERSION = YES;
				CLANG_WARN_NON_LITERAL_NULL_CONVERSION = YES;
				CLANG_WARN_OBJC_IMPLICIT_RETAIN_SELF = YES;
				CLANG_WARN_OBJC_LITERAL_CONVERSION = YES;
				CLANG_WARN_OBJC_ROOT_CLASS = YES_ERROR;
				CLANG_WARN_RANGE_LOOP_ANALYSIS = YES;
				CLANG_WARN_STRICT_PROTOTYPES = YES;
				CLANG_WARN_SUSPICIOUS_MOVE = YES;
				CLANG_WARN_UNGUARDED_AVAILABILITY = YES_AGGRESSIVE;
				CLANG_WARN_UNREACHABLE_CODE = YES;
				CLANG_WARN__DUPLICATE_METHOD_MATCH = YES;
				CODE_SIGN_IDENTITY = "-";
				COPY_PHASE_STRIP = NO;
				DEBUG_INFORMATION_FORMAT = "dwarf-with-dsym";
				ENABLE_NS_ASSERTIONS = NO;
				ENABLE_STRICT_OBJC_MSGSEND = YES;
				GCC_C_LANGUAGE_STANDARD = gnu11;
				GCC_NO_COMMON_BLOCKS = YES;
				GCC_WARN_64_TO_32_BIT_CONVERSION = YES;
				GCC_WARN_ABOUT_RETURN_TYPE = YES_ERROR;
				GCC_WARN_UNDECLARED_SELECTOR = YES;
				GCC_WARN_UNINITIALIZED_AUTOS = YES_AGGRESSIVE;
				GCC_WARN_UNUSED_FUNCTION = YES;
				GCC_WARN_UNUSED_VARIABLE = YES;
				MACOSX_DEPLOYMENT_TARGET = 10.13;
				MTL_ENABLE_DEBUG_INFO = NO;
				SDKROOT = macosx;
			};
			name = Release;
		};
		0C18AED92155E2AF009C1008 /* Debug */ = {
			isa = XCBuildConfiguration;
			buildSettings = {
				CODE_SIGN_STYLE = Automatic;
				PRODUCT_NAME = "$(TARGET_NAME)";
			};
			name = Debug;
		};
		0C18AEDA2155E2AF009C1008 /* Release */ = {
			isa = XCBuildConfiguration;
			buildSettings = {
				CODE_SIGN_STYLE = Automatic;
				PRODUCT_NAME = "$(TARGET_NAME)";
			};
			name = Release;
		};
/* End XCBuildConfiguration section */

/* Begin XCConfigurationList section */
		0C18AECC2155E2AF009C1008 /* Build configuration list for PBXProject "MemoryManagerDemo" */ = {
			isa = XCConfigurationList;
			buildConfigurations = (
				0C18AED62155E2AF009C1008 /* Debug */,
				0C18AED72155E2AF009C1008 /* Release */,
			);
			defaultConfigurationIsVisible = 0;
			defaultConfigurationName = Release;
		};
		0C18AED82155E2AF009C1008 /* Build configuration list for PBXNativeTarget "MemoryManagerDemo" */ = {
			isa = XCConfigurationList;
			buildConfigurations = (
				0C18AED92155E2AF009C1008 /* Debug */,
				0C18AEDA2155E2AF009C1008 /* Release */,
			);
			defaultConfigurationIsVisible = 0;
			defaultConfigurationName = Release;
		};
/* End XCConfigurationList section */
	};
	rootObject = 0C18AEC92155E2AF009C1008 /* Project object */;
}
